
Microsoft Visual Studio Solution File, Format Version 12.00
# Visual Studio 14
VisualStudioVersion = 14.0.25420.1
MinimumVisualStudioVersion = 10.0.40219.1
Project("{FAE04EC0-301F-11D3-BF4B-00C04F79EFBC}") = "TutsPlusApi.Demo1", "TutsPlusApi.Demo1\TutsPlusApi.Demo1.csproj", "{3A8A9752-1350-4645-8462-AFF4C72B4ED9}"
EndProject
Project("{FAE04EC0-301F-11D3-BF4B-00C04F79EFBC}") = "TutsPlusApi.Demo2", "TutsPlusApi.Demo2\TutsPlusApi.Demo2.csproj", "{DCF06607-D1AE-4655-96DF-A9AE60343917}"
EndProject
Project("{FAE04EC0-301F-11D3-BF4B-00C04F79EFBC}") = "TutsPlusApi.Demo3", "TutsPlusApi.Demo3\TutsPlusApi.Demo3.csproj", "{A17D033E-6CC0-4040-B9D7-4D5324F5B500}"
EndProject
Global
	GlobalSection(SolutionConfigurationPlatforms) = preSolution
		Debug|Any CPU = Debug|Any CPU
		Release|Any CPU = Release|Any CPU
	EndGlobalSection
	GlobalSection(ProjectConfigurationPlatforms) = postSolution
		{3A8A9752-1350-4645-8462-AFF4C72B4ED9}.Debug|Any CPU.ActiveCfg = Debug|Any CPU
		{3A8A9752-1350-4645-8462-AFF4C72B4ED9}.Debug|Any CPU.Build.0 = Debug|Any CPU
		{3A8A9752-1350-4645-8462-AFF4C72B4ED9}.Release|Any CPU.ActiveCfg = Release|Any CPU
		{3A8A9752-1350-4645-8462-AFF4C72B4ED9}.Release|Any CPU.Build.0 = Release|Any CPU
		{DCF06607-D1AE-4655-96DF-A9AE60343917}.Debug|Any CPU.ActiveCfg = Debug|Any CPU
		{DCF06607-D1AE-4655-96DF-A9AE60343917}.Debug|Any CPU.Build.0 = Debug|Any CPU
		{DCF06607-D1AE-4655-96DF-A9AE60343917}.Release|Any CPU.ActiveCfg = Release|Any CPU
		{DCF06607-D1AE-4655-96DF-A9AE60343917}.Release|Any CPU.Build.0 = Release|Any CPU
		{A17D033E-6CC0-4040-B9D7-4D5324F5B500}.Debug|Any CPU.ActiveCfg = Debug|Any CPU
		{A17D033E-6CC0-4040-B9D7-4D5324F5B500}.Debug|Any CPU.Build.0 = Debug|Any CPU
		{A17D033E-6CC0-4040-B9D7-4D5324F5B500}.Release|Any CPU.ActiveCfg = Release|Any CPU
		{A17D033E-6CC0-4040-B9D7-4D5324F5B500}.Release|Any CPU.Build.0 = Release|Any CPU
	EndGlobalSection
	GlobalSection(SolutionProperties) = preSolution
		HideSolutionNode = FALSE
	EndGlobalSection
EndGlobal
